
Microsoft Visual Studio Solution File, Format Version 12.00
# Visual Studio 15
VisualStudioVersion = 15.0.28307.1321
MinimumVisualStudioVersion = 10.0.40219.1
Project("{FAE04EC0-301F-11D3-BF4B-00C04F79EFBC}") = "Image_DataAugmentation", "Image_DataAugmentation\Image_DataAugmentation.csproj", "{890A6FB2-A1FF-44C1-8C43-042E3796D671}"
EndProject
Global
	GlobalSection(SolutionConfigurationPlatforms) = preSolution
		Debug|Any CPU = Debug|Any CPU
		Release|Any CPU = Release|Any CPU
	EndGlobalSection
	GlobalSection(ProjectConfigurationPlatforms) = postSolution
		{890A6FB2-A1FF-44C1-8C43-042E3796D671}.Debug|Any CPU.ActiveCfg = Debug|Any CPU
		{890A6FB2-A1FF-44C1-8C43-042E3796D671}.Debug|Any CPU.Build.0 = Debug|Any CPU
		{890A6FB2-A1FF-44C1-8C43-042E3796D671}.Release|Any CPU.ActiveCfg = Release|Any CPU
		{890A6FB2-A1FF-44C1-8C43-042E3796D671}.Release|Any CPU.Build.0 = Release|Any CPU
	EndGlobalSection
	GlobalSection(SolutionProperties) = preSolution
		HideSolutionNode = FALSE
	EndGlobalSection
	GlobalSection(ExtensibilityGlobals) = postSolution
		SolutionGuid = {0BDF4D8B-00AE-4948-9040-D0816F0CA158}
	EndGlobalSection
EndGlobal
